version: 6
environments:
  default:
    channels:
    - url: https://conda.anaconda.org/conda-forge/
    options:
      pypi-prerelease-mode: if-necessary-or-explicit
    packages:
      osx-arm64:
      - conda: https://conda.anaconda.org/conda-forge/osx-arm64/_openmp_mutex-4.5-7_kmp_llvm.conda
      - conda: https://conda.anaconda.org/conda-forge/noarch/ca-certificates-2026.4.22-hbd8a1cb_0.conda
      - conda: https://conda.anaconda.org/conda-forge/osx-arm64/cctools-1030.6.3-llvm22_1_hbe26303_4.conda
      - conda: https://conda.anaconda.org/conda-forge/osx-arm64/cctools_impl_osx-arm64-1030.6.3-llvm22_1_hb5e89dc_4.conda
      - conda: https://conda.anaconda.org/conda-forge/osx-arm64/cctools_osx-arm64-1030.6.3-llvm22_1_hbe26303_4.conda
      - conda: https://conda.anaconda.org/conda-forge/osx-arm64/clang-22-22.1.5-default_hd632d02_1.conda
      - conda: https://conda.anaconda.org/conda-forge/osx-arm64/clang-22.1.5-default_cfg_hb78b91e_1.conda
      - conda: https://conda.anaconda.org/conda-forge/osx-arm64/clang_impl_osx-arm64-22.1.5-default_h17d1ed9_1.conda
      - conda: https://conda.anaconda.org/conda-forge/osx-arm64/compiler-rt-22.1.5-hce30654_1.conda
      - conda: https://conda.anaconda.org/conda-forge/osx-arm64/compiler-rt22-22.1.5-hd34ed20_1.conda
      - conda: https://conda.anaconda.org/conda-forge/noarch/compiler-rt22_osx-arm64-22.1.5-h7e67a1e_1.conda
      - conda: https://conda.anaconda.org/conda-forge/noarch/compiler-rt_osx-arm64-22.1.5-hce30654_1.conda
      - conda: https://conda.anaconda.org/conda-forge/osx-arm64/fpm-0.13.0-h00726df_0.conda
      - conda: https://conda.anaconda.org/conda-forge/osx-arm64/gcc-15.2.0-h45f3023_19.conda
      - conda: https://conda.anaconda.org/conda-forge/osx-arm64/gcc_impl_osx-arm64-15.2.0-h6e619ee_19.conda
      - conda: https://conda.anaconda.org/conda-forge/osx-arm64/gfortran-15.2.0-h07b0088_19.conda
      - conda: https://conda.anaconda.org/conda-forge/osx-arm64/gfortran_impl_osx-arm64-15.2.0-hfeb3900_19.conda
      - conda: https://conda.anaconda.org/conda-forge/osx-arm64/lcov-1.16-hce30654_0.tar.bz2
      - conda: https://conda.anaconda.org/conda-forge/osx-arm64/ld64-956.6-llvm22_1_h5b97f1b_4.conda
      - conda: https://conda.anaconda.org/conda-forge/osx-arm64/ld64_osx-arm64-956.6-llvm22_1_h692d5aa_4.conda
      - conda: https://conda.anaconda.org/conda-forge/osx-arm64/libclang-cpp22.1-22.1.5-default_h8e162e0_1.conda
      - conda: https://conda.anaconda.org/conda-forge/osx-arm64/libcompiler-rt-22.1.5-hd34ed20_1.conda
      - conda: https://conda.anaconda.org/conda-forge/osx-arm64/libcxx-22.1.5-h55c6f16_1.conda
      - conda: https://conda.anaconda.org/conda-forge/osx-arm64/libgcc-15.2.0-hcbb3090_19.conda
      - conda: https://conda.anaconda.org/conda-forge/noarch/libgcc-devel_osx-arm64-15.2.0-hee53e68_119.conda
      - conda: https://conda.anaconda.org/conda-forge/osx-arm64/libgfortran-15.2.0-h07b0088_19.conda
      - conda: https://conda.anaconda.org/conda-forge/osx-arm64/libgfortran5-15.2.0-hdae7583_19.conda
      - conda: https://conda.anaconda.org/conda-forge/osx-arm64/libiconv-1.18-h23cfdf5_2.conda
      - conda: https://conda.anaconda.org/conda-forge/osx-arm64/libllvm22-22.1.5-h89af1be_1.conda
      - conda: https://conda.anaconda.org/conda-forge/osx-arm64/liblzma-5.8.3-h8088a28_0.conda
      - conda: https://conda.anaconda.org/conda-forge/osx-arm64/libsigtool-0.1.3-h98dc951_0.conda
      - conda: https://conda.anaconda.org/conda-forge/osx-arm64/libxml2-16-2.15.3-h6967ea9_0.conda
      - conda: https://conda.anaconda.org/conda-forge/osx-arm64/libxml2-2.15.3-heed7d32_0.conda
      - conda: https://conda.anaconda.org/conda-forge/osx-arm64/libzlib-1.3.2-h8088a28_2.conda
      - conda: https://conda.anaconda.org/conda-forge/osx-arm64/llvm-openmp-22.1.5-hc7d1edf_1.conda
      - conda: https://conda.anaconda.org/conda-forge/osx-arm64/llvm-tools-22-22.1.5-hb545844_1.conda
      - conda: https://conda.anaconda.org/conda-forge/osx-arm64/llvm-tools-22.1.5-hd34ed20_1.conda
      - conda: https://conda.anaconda.org/conda-forge/osx-arm64/ncurses-6.6-h1d4f5a5_0.conda
      - conda: https://conda.anaconda.org/conda-forge/osx-arm64/openssl-3.6.2-hd24854e_0.conda
      - conda: https://conda.anaconda.org/conda-forge/osx-arm64/perl-5.32.1-7_h4614cfb_perl5.conda
      - conda: https://conda.anaconda.org/conda-forge/osx-arm64/sigtool-codesign-0.1.3-h98dc951_0.conda
      - conda: https://conda.anaconda.org/conda-forge/osx-arm64/tapi-1600.0.11.8-h997e182_2.conda
      - conda: https://conda.anaconda.org/conda-forge/osx-arm64/zstd-1.5.7-hbf9d68e_6.conda
packages:
- conda: https://conda.anaconda.org/conda-forge/osx-arm64/_openmp_mutex-4.5-7_kmp_llvm.conda
  build_number: 7
  sha256: 7acaa2e0782cad032bdaf756b536874346ac1375745fb250e9bdd6a48a7ab3cd
  md5: a44032f282e7d2acdeb1c240308052dd
  depends:
  - llvm-openmp >=9.0.1
  license: BSD-3-Clause
  license_family: BSD
  size: 8325
  timestamp: 1764092507920
- conda: https://conda.anaconda.org/conda-forge/noarch/ca-certificates-2026.4.22-hbd8a1cb_0.conda
  sha256: c9dbcc8039a52023660d6d1bbf87594a93dd69c6ac5a2a44323af2c92976728d
  md5: e18ad67cf881dcadee8b8d9e2f8e5f73
  depends:
  - __unix
  license: ISC
  size: 131039
  timestamp: 1776865545798
- conda: https://conda.anaconda.org/conda-forge/osx-arm64/cctools-1030.6.3-llvm22_1_hbe26303_4.conda
  sha256: a8d8f9a6ae4c149d2174f8f52c61da079cc793b87e2f76441a43daf7f394631f
  md5: aea08dd508f71d6ca3cfa4e8694e7953
  depends:
  - cctools_impl_osx-arm64 1030.6.3 llvm22_1_hb5e89dc_4
  - ld64 956.6 llvm22_1_h5b97f1b_4
  - libllvm22 >=22.1.0,<22.2.0a0
  license: APSL-2.0
  license_family: Other
  size: 24551
  timestamp: 1772019751097
- conda: https://conda.anaconda.org/conda-forge/osx-arm64/cctools_impl_osx-arm64-1030.6.3-llvm22_1_hb5e89dc_4.conda
  sha256: 97075a1afeac8a7a4dca258ac10efb70638e3c734cbf5a6328ca1e0718e09c41
  md5: 97768bb89683757d7e535f9b7dcba39d
  depends:
  - __osx >=11.0
  - ld64_osx-arm64 >=956.6,<956.7.0a0
  - libcxx
  - libllvm22 >=22.1.0,<22.2.0a0
  - libzlib >=1.3.1,<2.0a0
  - llvm-tools 22.1.*
  - sigtool-codesign
  constrains:
  - clang 22.1.*
  - ld64 956.6.*
  - cctools 1030.6.3.*
  license: APSL-2.0
  license_family: Other
  size: 749166
  timestamp: 1772019681419
- conda: https://conda.anaconda.org/conda-forge/osx-arm64/cctools_osx-arm64-1030.6.3-llvm22_1_hbe26303_4.conda
  sha256: c90c927dd77afb7d8115a3777b567d9ab84169ab797436d79789d75d0bd1a399
  md5: a08c9f61e81b5d4a0a653495545ec2b8
  depends:
  - cctools_impl_osx-arm64 1030.6.3 llvm22_1_hb5e89dc_4
  - ld64_osx-arm64 956.6 llvm22_1_h692d5aa_4
  constrains:
  - cctools 1030.6.3.*
  license: APSL-2.0
  license_family: Other
  size: 23468
  timestamp: 1772019757885
- conda: https://conda.anaconda.org/conda-forge/osx-arm64/clang-22.1.5-default_cfg_hb78b91e_1.conda
  sha256: 7861600cd2506d2945c4254c089fe1083b4643146b93f98df58e4dc8d5bbf586
  md5: df62aad1251047d963da339efbc495ad
  depends:
  - cctools
  - clang-22 22.1.5 default_hd632d02_1
  - clang_impl_osx-arm64 22.1.5 default_h17d1ed9_1
  - ld64
  - ld64_osx-arm64 * llvm22_1_*
  - llvm-openmp >=22.1.5
  - llvm-tools 22.1.5.*
  license: Apache-2.0 WITH LLVM-exception
  license_family: Apache
  size: 28682
  timestamp: 1778476413617
- conda: https://conda.anaconda.org/conda-forge/osx-arm64/clang-22-22.1.5-default_hd632d02_1.conda
  sha256: 661be9d7e197ac2eeeff52a18f5e2c385497fb523fd91a3e50cf62c792ce3d06
  md5: d440f7fc2d44b55cd806e5a033dcf0a1
  depends:
  - __osx >=11.0
  - compiler-rt22 22.1.5.*
  - libclang-cpp22.1 22.1.5 default_h8e162e0_1
  - libcxx >=22.1.5
  - libllvm22 >=22.1.5,<22.2.0a0
  license: Apache-2.0 WITH LLVM-exception
  license_family: Apache
  size: 825331
  timestamp: 1778476335771
- conda: https://conda.anaconda.org/conda-forge/osx-arm64/clang_impl_osx-arm64-22.1.5-default_h17d1ed9_1.conda
  sha256: 05a2d99ba55f4b401c11a750fac9bee879b3f09a16c1df2415836c46c9fd629f
  md5: 743068a5a4061084f22a5f8b6675a3e8
  depends:
  - cctools_impl_osx-arm64
  - clang-22 22.1.5 default_hd632d02_1
  - compiler-rt 22.1.5.*
  - compiler-rt_osx-arm64
  - ld64_osx-arm64 * llvm22_1_*
  license: Apache-2.0 WITH LLVM-exception
  license_family: Apache
  size: 28091
  timestamp: 1778476400908
- conda: https://conda.anaconda.org/conda-forge/osx-arm64/compiler-rt-22.1.5-hce30654_1.conda
  sha256: a442d55ea02f8615e74b3763b3621598fe432f973bcd6f4cf876704d7e854203
  md5: 98d56b1f4f0ded3a5fc68a22f7b168cc
  depends:
  - compiler-rt22 22.1.5 hd34ed20_1
  - libcompiler-rt 22.1.5 hd34ed20_1
  constrains:
  - clang 22.1.5
  license: Apache-2.0 WITH LLVM-exception
  license_family: APACHE
  size: 16462
  timestamp: 1778193616563
- conda: https://conda.anaconda.org/conda-forge/osx-arm64/compiler-rt22-22.1.5-hd34ed20_1.conda
  sha256: 96478509ecb21e4882034351565f756fcc15f7200032539d37baba9bd290c3e5
  md5: 211e29460c00fa540f34f7710d01c2d4
  depends:
  - __osx >=11.0
  - compiler-rt22_osx-arm64 22.1.5.*
  license: Apache-2.0 WITH LLVM-exception
  license_family: APACHE
  size: 99528
  timestamp: 1778193615341
- conda: https://conda.anaconda.org/conda-forge/noarch/compiler-rt22_osx-arm64-22.1.5-h7e67a1e_1.conda
  sha256: 8fd9c06368cf109359b5790dd52bb2c567649eea4ac803003e8bc10e49e8ef24
  md5: 6b4aa1f07476cdefbd872f38df71b3e2
  constrains:
  - compiler-rt >=9.0.1
  license: Apache-2.0 WITH LLVM-exception
  license_family: APACHE
  size: 10867797
  timestamp: 1778193575528
- conda: https://conda.anaconda.org/conda-forge/noarch/compiler-rt_osx-arm64-22.1.5-hce30654_1.conda
  sha256: b8d2ac6246cef588054a267979ce67298faa695830341bf17a1f8e8b466bc9d2
  md5: 55b5854d13383c8ab1e467dba3cd5373
  depends:
  - compiler-rt22_osx-arm64 22.1.5 h7e67a1e_1
  constrains:
  - clang 22.1.5
  license: Apache-2.0 WITH LLVM-exception
  license_family: APACHE
  size: 16629
  timestamp: 1778193616082
- conda: https://conda.anaconda.org/conda-forge/osx-arm64/fpm-0.13.0-h00726df_0.conda
  sha256: 3c36a16901ac65852ea6a9c03077d14de3e0c27fab8e540ee637736a07506e08
  md5: d8af5a4b1a791f2902122220b167cb08
  depends:
  - __osx >=11.0
  - libgfortran
  - libgfortran5 >=14.3.0
  - llvm-openmp >=19.1.7
  license: MIT
  license_family: MIT
  size: 1126641
  timestamp: 1771426377724
- conda: https://conda.anaconda.org/conda-forge/osx-arm64/gcc-15.2.0-h45f3023_19.conda
  sha256: 45220c645133e53bd3625109683713f02dd13161feccaf5e92242e5b607afa02
  md5: 1aaab7dcf73fbd07fe65cae2d991a881
  depends:
  - gcc_impl_osx-arm64 15.2.0 h6e619ee_19
  track_features:
  - gcc_no_conda_specs
  license: BSD-3-Clause
  license_family: BSD
  size: 141903
  timestamp: 1778273601916
- conda: https://conda.anaconda.org/conda-forge/osx-arm64/gcc_impl_osx-arm64-15.2.0-h6e619ee_19.conda
  sha256: d52b32ffbf0aa94f86c60151ea9958dd3a418ecaaddf40c82e48c2f230268c45
  md5: 63e3589fd0e56e9f564d2deb23194814
  depends:
  - cctools_osx-arm64
  - clang
  - ld64_osx-arm64
  - libgcc >=15.2.0
  - libgcc-devel_osx-arm64 15.2.0 hee53e68_119
  license: GPL-3.0-only WITH GCC-exception-3.1
  license_family: GPL
  size: 49048339
  timestamp: 1778273193896
- conda: https://conda.anaconda.org/conda-forge/osx-arm64/gfortran-15.2.0-h07b0088_19.conda
  sha256: 9c247b32de20091b3cbdfdfa5c00ef18cda823937a5d9ee3b706ebc22e2928a9
  md5: 9b964d569285ac0a5ab7b6cfd8c20974
  depends:
  - gcc 15.2.0 h45f3023_19
  - gcc_impl_osx-arm64 15.2.0 h6e619ee_19
  - gfortran_impl_osx-arm64 15.2.0 hfeb3900_19
  license: BSD-3-Clause
  license_family: BSD
  size: 141469
  timestamp: 1778273631525
- conda: https://conda.anaconda.org/conda-forge/osx-arm64/gfortran_impl_osx-arm64-15.2.0-hfeb3900_19.conda
  sha256: 98228ae47185fee95c7f34dff35e1fdf98ed5c473072d74cd5bcd4b9fce77a21
  md5: 76dd7df2c503c3dac06d263e94a4b54b
  depends:
  - gcc_impl_osx-arm64 >=15.2.0
  - libgcc >=15.2.0
  - libgfortran5 >=15.2.0
  license: GPL-3.0-only WITH GCC-exception-3.1
  license_family: GPL
  size: 13145096
  timestamp: 1778273453257
- conda: https://conda.anaconda.org/conda-forge/osx-arm64/lcov-1.16-hce30654_0.tar.bz2
  sha256: 00819f6f9540e2581cbc64befeeeebd97f514ebf748f3d83ad28e6dceca438b6
  md5: 1ac9bafe4c9b48c70a159a9c9501511e
  depends:
  - perl 5.*
  license: GPL-2.0-or-later
  license_family: GPL-2
  size: 98707
  timestamp: 1664797316218
- conda: https://conda.anaconda.org/conda-forge/osx-arm64/ld64-956.6-llvm22_1_h5b97f1b_4.conda
  sha256: 405f08540aedb58fa070b097143b3fe0fcb2b92e3b4aca723780e2f3d754803b
  md5: 8254e40b35e6c3159de53275801a6ebc
  depends:
  - ld64_osx-arm64 956.6 llvm22_1_h692d5aa_4
  - libllvm22 >=22.1.0,<22.2.0a0
  constrains:
  - cctools_osx-arm64 1030.6.3.*
  - cctools 1030.6.3.*
  license: APSL-2.0
  license_family: Other
  size: 21907
  timestamp: 1772019717408
- conda: https://conda.anaconda.org/conda-forge/osx-arm64/ld64_osx-arm64-956.6-llvm22_1_h692d5aa_4.conda
  sha256: e4ae2ef85672c094aa3467d466f932ccdc1dda9bd4adac64f4252cc796149091
  md5: 4c2255bf859bff6c52ed38960e3bc963
  depends:
  - __osx >=11.0
  - libcxx
  - libllvm22 >=22.1.0,<22.2.0a0
  - sigtool-codesign
  - tapi >=1600.0.11.8,<1601.0a0
  constrains:
  - clang 22.1.*
  - ld64 956.6.*
  - cctools_impl_osx-arm64 1030.6.3.*
  - cctools 1030.6.3.*
  license: APSL-2.0
  license_family: Other
  size: 1038027
  timestamp: 1772019602406
- conda: https://conda.anaconda.org/conda-forge/osx-arm64/libclang-cpp22.1-22.1.5-default_h8e162e0_1.conda
  sha256: e55e200773e111b021ff60bb47d69033204f9b48590a00e439646968757c4504
  md5: 091664d061ddbca7594cd306fe82d648
  depends:
  - __osx >=11.0
  - libcxx >=22.1.5
  - libllvm22 >=22.1.5,<22.2.0a0
  license: Apache-2.0 WITH LLVM-exception
  license_family: Apache
  size: 14186675
  timestamp: 1778476259538
- conda: https://conda.anaconda.org/conda-forge/osx-arm64/libcompiler-rt-22.1.5-hd34ed20_1.conda
  sha256: 4be653c88cce088080b1b47e3a7a4f3cb85a1d7a8103d9ac4db22e8cf65c624e
  md5: 4104db0e6821aa62e2eb48a65e06da24
  depends:
  - __osx >=11.0
  constrains:
  - compiler-rt >=9.0.1
  license: Apache-2.0 WITH LLVM-exception
  license_family: APACHE
  size: 1376087
  timestamp: 1778193605976
- conda: https://conda.anaconda.org/conda-forge/osx-arm64/libcxx-22.1.5-h55c6f16_1.conda
  sha256: dddd01bd6b338221342a89530a1caffe6051a70cc8f8b1d8bb591d5447a3c603
  md5: ff484b683fecf1e875dfc7aa01d19796
  depends:
  - __osx >=11.0
  license: Apache-2.0 WITH LLVM-exception
  license_family: Apache
  size: 569359
  timestamp: 1778191546305
- conda: https://conda.anaconda.org/conda-forge/osx-arm64/libgcc-15.2.0-hcbb3090_19.conda
  sha256: 06644fa4d34d57c9e48f4d84b1256f9e5f654fdb37f43acc8a58a396952d42b7
  md5: 644058123986582db33aebd4ae2ca184
  depends:
  - _openmp_mutex
  constrains:
  - libgcc-ng ==15.2.0=*_19
  - libgomp 15.2.0 19
  license: GPL-3.0-only WITH GCC-exception-3.1
  license_family: GPL
  size: 404080
  timestamp: 1778273064154
- conda: https://conda.anaconda.org/conda-forge/noarch/libgcc-devel_osx-arm64-15.2.0-hee53e68_119.conda
  sha256: f4ece481fbc7f56b8c341f592cd1aed88d3ff3f04b7921fad28c53ed28a68310
  md5: 056f7c4c45cf76e52598e922658ec9a8
  depends:
  - __unix
  license: GPL-3.0-only WITH GCC-exception-3.1
  license_family: GPL
  size: 2111754
  timestamp: 1778273032879
- conda: https://conda.anaconda.org/conda-forge/osx-arm64/libgfortran-15.2.0-h07b0088_19.conda
  sha256: d4837b3b9b30af3132d260225e91ab9dde83be04c59513f500cc81050fb37486
  md5: 1ea03f87cdb1078fbc0e2b2deb63752c
  depends:
  - libgfortran5 15.2.0 hdae7583_19
  constrains:
  - libgfortran-ng ==15.2.0=*_19
  license: GPL-3.0-only WITH GCC-exception-3.1
  license_family: GPL
  size: 139675
  timestamp: 1778273280875
- conda: https://conda.anaconda.org/conda-forge/osx-arm64/libgfortran5-15.2.0-hdae7583_19.conda
  sha256: d0a68b7a121d115b80c169e24d1265dcc25a3fe58d107df1bbc430797e226d88
  md5: ba36d8c606a6a53fe0b8c12d47267b3d
  depends:
  - libgcc >=15.2.0
  constrains:
  - libgfortran 15.2.0
  license: GPL-3.0-only WITH GCC-exception-3.1
  license_family: GPL
  size: 599691
  timestamp: 1778273075448
- conda: https://conda.anaconda.org/conda-forge/osx-arm64/libiconv-1.18-h23cfdf5_2.conda
  sha256: de0336e800b2af9a40bdd694b03870ac4a848161b35c8a2325704f123f185f03
  md5: 4d5a7445f0b25b6a3ddbb56e790f5251
  depends:
  - __osx >=11.0
  license: LGPL-2.1-only
  size: 750379
  timestamp: 1754909073836
- conda: https://conda.anaconda.org/conda-forge/osx-arm64/libllvm22-22.1.5-h89af1be_1.conda
  sha256: 23dec5565018f13742b63cdc401d403411fc68713bc6f49dab3854fd4fc4fcc3
  md5: 2d7889ebb30d8b3425e369f4f262a789
  depends:
  - __osx >=11.0
  - libcxx >=19
  - libxml2
  - libxml2-16 >=2.14.6
  - libzlib >=1.3.2,<2.0a0
  - zstd >=1.5.7,<1.6.0a0
  license: Apache-2.0 WITH LLVM-exception
  license_family: Apache
  size: 30038795
  timestamp: 1778412238119
- conda: https://conda.anaconda.org/conda-forge/osx-arm64/liblzma-5.8.3-h8088a28_0.conda
  sha256: 34878d87275c298f1a732c6806349125cebbf340d24c6c23727268184bba051e
  md5: b1fd823b5ae54fbec272cea0811bd8a9
  depends:
  - __osx >=11.0
  constrains:
  - xz 5.8.3.*
  license: 0BSD
  size: 92472
  timestamp: 1775825802659
- conda: https://conda.anaconda.org/conda-forge/osx-arm64/libsigtool-0.1.3-h98dc951_0.conda
  sha256: 421f7bd7caaa945d9cd5d374cc3f01e75637ca7372a32d5e7695c825a48a30d1
  md5: c08557d00807785decafb932b5be7ef5
  depends:
  - __osx >=11.0
  - openssl >=3.5.4,<4.0a0
  license: MIT
  license_family: MIT
  size: 36416
  timestamp: 1767045062496
- conda: https://conda.anaconda.org/conda-forge/osx-arm64/libxml2-2.15.3-heed7d32_0.conda
  sha256: 4d9c117b2dd222cf891710d5f6a570ebb275479979843a1477ac54ed50907b40
  md5: 0c1fdc80534d8f25fd74722aba81f044
  depends:
  - __osx >=11.0
  - libiconv >=1.18,<2.0a0
  - liblzma >=5.8.3,<6.0a0
  - libxml2-16 2.15.3 h6967ea9_0
  - libzlib >=1.3.2,<2.0a0
  constrains:
  - icu <0.0a0
  license: MIT
  license_family: MIT
  size: 41663
  timestamp: 1776377341241
- conda: https://conda.anaconda.org/conda-forge/osx-arm64/libxml2-16-2.15.3-h6967ea9_0.conda
  sha256: 43895a7517c055b8893531290f9dc48bd751eb04be04f14bbce3b6c71b052be6
  md5: 6c8292c2ee808aeef2406083beaa6da7
  depends:
  - __osx >=11.0
  - libiconv >=1.18,<2.0a0
  - liblzma >=5.8.3,<6.0a0
  - libzlib >=1.3.2,<2.0a0
  constrains:
  - libxml2 2.15.3
  - icu <0.0a0
  license: MIT
  license_family: MIT
  size: 465820
  timestamp: 1776377317454
- conda: https://conda.anaconda.org/conda-forge/osx-arm64/libzlib-1.3.2-h8088a28_2.conda
  sha256: 361415a698514b19a852f5d1123c5da746d4642139904156ddfca7c922d23a05
  md5: bc5a5721b6439f2f62a84f2548136082
  depends:
  - __osx >=11.0
  constrains:
  - zlib 1.3.2 *_2
  license: Zlib
  license_family: Other
  size: 47759
  timestamp: 1774072956767
- conda: https://conda.anaconda.org/conda-forge/osx-arm64/llvm-openmp-22.1.5-hc7d1edf_1.conda
  sha256: 2cd49562feda2bf324651050b2b035080fd635ed0f1c96c9ce7a59eff3cc0029
  md5: 8a4e2a54034b35bc6fa5bf9282913f45
  depends:
  - __osx >=11.0
  constrains:
  - openmp 22.1.5|22.1.5.*
  - intel-openmp <0.0a0
  license: Apache-2.0 WITH LLVM-exception
  license_family: APACHE
  size: 285806
  timestamp: 1778447786965
- conda: https://conda.anaconda.org/conda-forge/osx-arm64/llvm-tools-22.1.5-hd34ed20_1.conda
  sha256: 9e791556dddfd53363732fa369655536c21f7492d0ff35587172b810d8d9fad4
  md5: 9db24df0a236587f7fd247cbc6f66d92
  depends:
  - __osx >=11.0
  - libllvm22 22.1.5 h89af1be_1
  - llvm-tools-22 22.1.5 hb545844_1
  constrains:
  - llvm        22.1.5
  - clang       22.1.5
  - clang-tools 22.1.5
  - llvmdev     22.1.5
  license: Apache-2.0 WITH LLVM-exception
  license_family: Apache
  size: 52214
  timestamp: 1778412425638
- conda: https://conda.anaconda.org/conda-forge/osx-arm64/llvm-tools-22-22.1.5-hb545844_1.conda
  sha256: b07a4e463a52e5a1bdaf9ca413a6495fa46aa1446ceadd6ba1ff168f386716e5
  md5: c33fcec235638c72a2084657b038c541
  depends:
  - __osx >=11.0
  - libcxx >=19
  - libllvm22 22.1.5 h89af1be_1
  - libzlib >=1.3.2,<2.0a0
  - zstd >=1.5.7,<1.6.0a0
  license: Apache-2.0 WITH LLVM-exception
  license_family: Apache
  size: 17835396
  timestamp: 1778412358363
- conda: https://conda.anaconda.org/conda-forge/osx-arm64/ncurses-6.6-h1d4f5a5_0.conda
  sha256: 4ea6c620b87bd1d42bb2ccc2c87cd2483fa2d7f9e905b14c223f11ff3f4c455d
  md5: 343d10ed5b44030a2f67193905aea159
  depends:
  - __osx >=11.0
  license: X11 AND BSD-3-Clause
  size: 805509
  timestamp: 1777423252320
- conda: https://conda.anaconda.org/conda-forge/osx-arm64/openssl-3.6.2-hd24854e_0.conda
  sha256: c91bf510c130a1ea1b6ff023e28bac0ccaef869446acd805e2016f69ebdc49ea
  md5: 25dcccd4f80f1638428613e0d7c9b4e1
  depends:
  - __osx >=11.0
  - ca-certificates
  license: Apache-2.0
  license_family: Apache
  size: 3106008
  timestamp: 1775587972483
- conda: https://conda.anaconda.org/conda-forge/osx-arm64/perl-5.32.1-7_h4614cfb_perl5.conda
  build_number: 7
  sha256: b0c55040d2994fd6bf2f83786561d92f72306d982d6ea12889acad24a9bf43b8
  md5: ba3cbe93f99e896765422cc5f7c3a79e
  license: GPL-1.0-or-later OR Artistic-1.0-Perl
  size: 14439531
  timestamp: 1703311335652
- conda: https://conda.anaconda.org/conda-forge/osx-arm64/sigtool-codesign-0.1.3-h98dc951_0.conda
  sha256: f3d006e2441f110160a684744d90921bbedbffa247d7599d7e76b5cd048116dc
  md5: ade77ad7513177297b1d75e351e136ce
  depends:
  - __osx >=11.0
  - libsigtool 0.1.3 h98dc951_0
  - openssl >=3.5.4,<4.0a0
  license: MIT
  license_family: MIT
  size: 114331
  timestamp: 1767045086274
- conda: https://conda.anaconda.org/conda-forge/osx-arm64/tapi-1600.0.11.8-h997e182_2.conda
  sha256: de6893e53664e769c1b1c4103a666d436e3d307c0eb6a09a164e749d116e80f7
  md5: 555070ad1e18b72de36e9ee7ed3236b3
  depends:
  - libcxx >=19.0.0.a0
  - __osx >=11.0
  - ncurses >=6.5,<7.0a0
  license: NCSA
  size: 200192
  timestamp: 1775657222120
- conda: https://conda.anaconda.org/conda-forge/osx-arm64/zstd-1.5.7-hbf9d68e_6.conda
  sha256: 9485ba49e8f47d2b597dd399e88f4802e100851b27c21d7525625b0b4025a5d9
  md5: ab136e4c34e97f34fb621d2592a393d8
  depends:
  - __osx >=11.0
  - libzlib >=1.3.1,<2.0a0
  license: BSD-3-Clause
  license_family: BSD
  size: 433413
  timestamp: 1764777166076
